
Microsoft Visual Studio Solution File, Format Version 12.00
# Visual Studio Version 16
VisualStudioVersion = 16.0.31019.35
MinimumVisualStudioVersion = 10.0.40219.1
Project("{FAE04EC0-301F-11D3-BF4B-00C04F79EFBC}") = "Agili.Food", "Agili.Food\Agili.Food.csproj", "{7CEFB49F-3507-4FE6-A439-54A516BD3470}"
EndProject
Project("{2150E333-8FDC-42A3-9474-1A3956D46DE8}") = "Acesso a Dados", "Acesso a Dados", "{CF7C35CC-7AD3-4186-80C6-FB650760CCD3}"
EndProject
Project("{2150E333-8FDC-42A3-9474-1A3956D46DE8}") = "Dominio", "Dominio", "{5F4D15D7-EA21-49B3-BC75-A37F4FC5929E}"
EndProject
Project("{FAE04EC0-301F-11D3-BF4B-00C04F79EFBC}") = "Agili.Food.Dominio", "Agili.Food.Dominio\Agili.Food.Dominio.csproj", "{67F49DB0-848E-40C2-A177-BDD9AF0211A4}"
EndProject
Project("{FAE04EC0-301F-11D3-BF4B-00C04F79EFBC}") = "Agili.Food.AcessoDados", "Agili.Food.AcessoDados\Agili.Food.AcessoDados.csproj", "{346E7EA8-7D0F-467B-A7F6-F469A3D0354F}"
EndProject
Project("{FAE04EC0-301F-11D3-BF4B-00C04F79EFBC}") = "Agili.Food.Comum", "Agili.Food.Comum\Agili.Food.Comum.csproj", "{11EF8247-B6D6-41DE-8283-C99638F5BD1C}"
EndProject
Global
	GlobalSection(SolutionConfigurationPlatforms) = preSolution
		Debug|Any CPU = Debug|Any CPU
		Release|Any CPU = Release|Any CPU
	EndGlobalSection
	GlobalSection(ProjectConfigurationPlatforms) = postSolution
		{7CEFB49F-3507-4FE6-A439-54A516BD3470}.Debug|Any CPU.ActiveCfg = Debug|Any CPU
		{7CEFB49F-3507-4FE6-A439-54A516BD3470}.Debug|Any CPU.Build.0 = Debug|Any CPU
		{7CEFB49F-3507-4FE6-A439-54A516BD3470}.Release|Any CPU.ActiveCfg = Release|Any CPU
		{7CEFB49F-3507-4FE6-A439-54A516BD3470}.Release|Any CPU.Build.0 = Release|Any CPU
		{67F49DB0-848E-40C2-A177-BDD9AF0211A4}.Debug|Any CPU.ActiveCfg = Debug|Any CPU
		{67F49DB0-848E-40C2-A177-BDD9AF0211A4}.Debug|Any CPU.Build.0 = Debug|Any CPU
		{67F49DB0-848E-40C2-A177-BDD9AF0211A4}.Release|Any CPU.ActiveCfg = Release|Any CPU
		{67F49DB0-848E-40C2-A177-BDD9AF0211A4}.Release|Any CPU.Build.0 = Release|Any CPU
		{346E7EA8-7D0F-467B-A7F6-F469A3D0354F}.Debug|Any CPU.ActiveCfg = Debug|Any CPU
		{346E7EA8-7D0F-467B-A7F6-F469A3D0354F}.Debug|Any CPU.Build.0 = Debug|Any CPU
		{346E7EA8-7D0F-467B-A7F6-F469A3D0354F}.Release|Any CPU.ActiveCfg = Release|Any CPU
		{346E7EA8-7D0F-467B-A7F6-F469A3D0354F}.Release|Any CPU.Build.0 = Release|Any CPU
		{11EF8247-B6D6-41DE-8283-C99638F5BD1C}.Debug|Any CPU.ActiveCfg = Debug|Any CPU
		{11EF8247-B6D6-41DE-8283-C99638F5BD1C}.Debug|Any CPU.Build.0 = Debug|Any CPU
		{11EF8247-B6D6-41DE-8283-C99638F5BD1C}.Release|Any CPU.ActiveCfg = Release|Any CPU
		{11EF8247-B6D6-41DE-8283-C99638F5BD1C}.Release|Any CPU.Build.0 = Release|Any CPU
	EndGlobalSection
	GlobalSection(SolutionProperties) = preSolution
		HideSolutionNode = FALSE
	EndGlobalSection
	GlobalSection(NestedProjects) = preSolution
		{67F49DB0-848E-40C2-A177-BDD9AF0211A4} = {5F4D15D7-EA21-49B3-BC75-A37F4FC5929E}
		{346E7EA8-7D0F-467B-A7F6-F469A3D0354F} = {CF7C35CC-7AD3-4186-80C6-FB650760CCD3}
		{11EF8247-B6D6-41DE-8283-C99638F5BD1C} = {CF7C35CC-7AD3-4186-80C6-FB650760CCD3}
	EndGlobalSection
	GlobalSection(ExtensibilityGlobals) = postSolution
		SolutionGuid = {4FEA4CAB-EB4B-4393-9344-612A87555703}
	EndGlobalSection
EndGlobal
